
Microsoft Visual Studio Solution File, Format Version 12.00
# Visual Studio Version 17
VisualStudioVersion = 17.2.32519.379
MinimumVisualStudioVersion = 10.0.40219.1
Project("{FAE04EC0-301F-11D3-BF4B-00C04F79EFBC}") = "app-web", "app-web\app-web.csproj", "{7A97A766-02B4-4F23-B0C0-DF1DC6D086A1}"
EndProject
Global
	GlobalSection(SolutionConfigurationPlatforms) = preSolution
		Debug|Any CPU = Debug|Any CPU
		Release|Any CPU = Release|Any CPU
	EndGlobalSection
	GlobalSection(ProjectConfigurationPlatforms) = postSolution
		{7A97A766-02B4-4F23-B0C0-DF1DC6D086A1}.Debug|Any CPU.ActiveCfg = Debug|Any CPU
		{7A97A766-02B4-4F23-B0C0-DF1DC6D086A1}.Debug|Any CPU.Build.0 = Debug|Any CPU
		{7A97A766-02B4-4F23-B0C0-DF1DC6D086A1}.Release|Any CPU.ActiveCfg = Release|Any CPU
		{7A97A766-02B4-4F23-B0C0-DF1DC6D086A1}.Release|Any CPU.Build.0 = Release|Any CPU
	EndGlobalSection
	GlobalSection(SolutionProperties) = preSolution
		HideSolutionNode = FALSE
	EndGlobalSection
	GlobalSection(ExtensibilityGlobals) = postSolution
		SolutionGuid = {7776BBC4-B5E8-4683-9B37-4BB48DD3284D}
	EndGlobalSection
EndGlobal
